// !$*UTF8*$!
{
	archiveVersion = 1;
	classes = {
	};
	objectVersion = 46;
	objects = {

/* Begin PBXBuildFile section */
		E05F34691D4B5A1100820BBF /* main.m in Sources */ = {isa = PBXBuildFile; fileRef = E05F34681D4B5A1100820BBF /* main.m */; };
		E05F346C1D4B5A1100820BBF /* AppDelegate.m in Sources */ = {isa = PBXBuildFile; fileRef = E05F346B1D4B5A1100820BBF /* AppDelegate.m */; };
		E05F34741D4B5A1100820BBF /* Assets.xcassets in Resources */ = {isa = PBXBuildFile; fileRef = E05F34731D4B5A1100820BBF /* Assets.xcassets */; };
		E05F34771D4B5A1100820BBF /* LaunchScreen.storyboard in Resources */ = {isa = PBXBuildFile; fileRef = E05F34751D4B5A1100820BBF /* LaunchScreen.storyboard */; };
		E05F347F1D4B5F4B00820BBF /* AFNetworking.framework in Frameworks */ = {isa = PBXBuildFile; fileRef = E05F347E1D4B5F4B00820BBF /* AFNetworking.framework */; };
		E05F34811D4B5F5800820BBF /* JSONModel.framework in Frameworks */ = {isa = PBXBuildFile; fileRef = E05F34801D4B5F5800820BBF /* JSONModel.framework */; };
		E05F34881D4B60E100820BBF /* ProductGridViewController.m in Sources */ = {isa = PBXBuildFile; fileRef = E05F34861D4B60E100820BBF /* ProductGridViewController.m */; };
		E05F34891D4B60E100820BBF /* ProductGridViewController.xib in Resources */ = {isa = PBXBuildFile; fileRef = E05F34871D4B60E100820BBF /* ProductGridViewController.xib */; };
		E05F348E1D4B684E00820BBF /* ProductGridTableViewCell.m in Sources */ = {isa = PBXBuildFile; fileRef = E05F348D1D4B684E00820BBF /* ProductGridTableViewCell.m */; };
		E05F34931D4B6A7000820BBF /* GridCellViewController.m in Sources */ = {isa = PBXBuildFile; fileRef = E05F34911D4B6A7000820BBF /* GridCellViewController.m */; };
		E05F34941D4B6A7000820BBF /* GridCellViewController.xib in Resources */ = {isa = PBXBuildFile; fileRef = E05F34921D4B6A7000820BBF /* GridCellViewController.xib */; };
		E05F34981D4BA2BF00820BBF /* CommsHandler.m in Sources */ = {isa = PBXBuildFile; fileRef = E05F34971D4BA2BF00820BBF /* CommsHandler.m */; };
		E05F349C1D4BA82B00820BBF /* ProductModel.m in Sources */ = {isa = PBXBuildFile; fileRef = E05F349B1D4BA82B00820BBF /* ProductModel.m */; };
		E05F34A11D4BC0C100820BBF /* ProductPageViewController.m in Sources */ = {isa = PBXBuildFile; fileRef = E05F349F1D4BC0C100820BBF /* ProductPageViewController.m */; };
		E05F34A21D4BC0C100820BBF /* ProductPageViewController.xib in Resources */ = {isa = PBXBuildFile; fileRef = E05F34A01D4BC0C100820BBF /* ProductPageViewController.xib */; };
		E05F34A41D4BC58300820BBF /* ProductPageViewController-Landscape.xib in Resources */ = {isa = PBXBuildFile; fileRef = E05F34A31D4BC58300820BBF /* ProductPageViewController-Landscape.xib */; };
/* End PBXBuildFile section */

/* Begin PBXFileReference section */
		E05F34641D4B5A1100820BBF /* johnLewis.app */ = {isa = PBXFileReference; explicitFileType = wrapper.application; includeInIndex = 0; path = johnLewis.app; sourceTree = BUILT_PRODUCTS_DIR; };
		E05F34681D4B5A1100820BBF /* main.m */ = {isa = PBXFileReference; lastKnownFileType = sourcecode.c.objc; path = main.m; sourceTree = "<group>"; };
		E05F346A1D4B5A1100820BBF /* AppDelegate.h */ = {isa = PBXFileReference; lastKnownFileType = sourcecode.c.h; path = AppDelegate.h; sourceTree = "<group>"; };
		E05F346B1D4B5A1100820BBF /* AppDelegate.m */ = {isa = PBXFileReference; lastKnownFileType = sourcecode.c.objc; path = AppDelegate.m; sourceTree = "<group>"; };
		E05F34731D4B5A1100820BBF /* Assets.xcassets */ = {isa = PBXFileReference; lastKnownFileType = folder.assetcatalog; path = Assets.xcassets; sourceTree = "<group>"; };
		E05F34761D4B5A1100820BBF /* Base */ = {isa = PBXFileReference; lastKnownFileType = file.storyboard; name = Base; path = Base.lproj/LaunchScreen.storyboard; sourceTree = "<group>"; };
		E05F34781D4B5A1100820BBF /* Info.plist */ = {isa = PBXFileReference; lastKnownFileType = text.plist.xml; path = Info.plist; sourceTree = "<group>"; };
		E05F347E1D4B5F4B00820BBF /* AFNetworking.framework */ = {isa = PBXFileReference; lastKnownFileType = wrapper.framework; name = AFNetworking.framework; path = Carthage/Build/iOS/AFNetworking.framework; sourceTree = "<group>"; };
		E05F34801D4B5F5800820BBF /* JSONModel.framework */ = {isa = PBXFileReference; lastKnownFileType = wrapper.framework; name = JSONModel.framework; path = Carthage/Build/iOS/JSONModel.framework; sourceTree = "<group>"; };
		E05F34851D4B60E100820BBF /* ProductGridViewController.h */ = {isa = PBXFileReference; fileEncoding = 4; lastKnownFileType = sourcecode.c.h; name = ProductGridViewController.h; path = "Product Grid/ProductGridViewController.h"; sourceTree = "<group>"; };
		E05F34861D4B60E100820BBF /* ProductGridViewController.m */ = {isa = PBXFileReference; fileEncoding = 4; lastKnownFileType = sourcecode.c.objc; name = ProductGridViewController.m; path = "Product Grid/ProductGridViewController.m"; sourceTree = "<group>"; };
		E05F34871D4B60E100820BBF /* ProductGridViewController.xib */ = {isa = PBXFileReference; fileEncoding = 4; lastKnownFileType = file.xib; name = ProductGridViewController.xib; path = "Product Grid/ProductGridViewController.xib"; sourceTree = "<group>"; };
		E05F348C1D4B684E00820BBF /* ProductGridTableViewCell.h */ = {isa = PBXFileReference; fileEncoding = 4; lastKnownFileType = sourcecode.c.h; name = ProductGridTableViewCell.h; path = "Product Grid/Cell/ProductGridTableViewCell.h"; sourceTree = "<group>"; };
		E05F348D1D4B684E00820BBF /* ProductGridTableViewCell.m */ = {isa = PBXFileReference; fileEncoding = 4; lastKnownFileType = sourcecode.c.objc; name = ProductGridTableViewCell.m; path = "Product Grid/Cell/ProductGridTableViewCell.m"; sourceTree = "<group>"; };
		E05F34901D4B6A7000820BBF /* GridCellViewController.h */ = {isa = PBXFileReference; fileEncoding = 4; lastKnownFileType = sourcecode.c.h; name = GridCellViewController.h; path = "Product Grid/Cell/GridCellViewController.h"; sourceTree = "<group>"; };
		E05F34911D4B6A7000820BBF /* GridCellViewController.m */ = {isa = PBXFileReference; fileEncoding = 4; lastKnownFileType = sourcecode.c.objc; name = GridCellViewController.m; path = "Product Grid/Cell/GridCellViewController.m"; sourceTree = "<group>"; };
		E05F34921D4B6A7000820BBF /* GridCellViewController.xib */ = {isa = PBXFileReference; fileEncoding = 4; lastKnownFileType = file.xib; name = GridCellViewController.xib; path = "Product Grid/Cell/GridCellViewController.xib"; sourceTree = "<group>"; };
		E05F34961D4BA2BF00820BBF /* CommsHandler.h */ = {isa = PBXFileReference; fileEncoding = 4; lastKnownFileType = sourcecode.c.h; name = CommsHandler.h; path = Comms/CommsHandler.h; sourceTree = "<group>"; };
		E05F34971D4BA2BF00820BBF /* CommsHandler.m */ = {isa = PBXFileReference; fileEncoding = 4; lastKnownFileType = sourcecode.c.objc; name = CommsHandler.m; path = Comms/CommsHandler.m; sourceTree = "<group>"; };
		E05F349A1D4BA82B00820BBF /* ProductModel.h */ = {isa = PBXFileReference; fileEncoding = 4; lastKnownFileType = sourcecode.c.h; name = ProductModel.h; path = "Product Grid/Model/ProductModel.h"; sourceTree = "<group>"; };
		E05F349B1D4BA82B00820BBF /* ProductModel.m */ = {isa = PBXFileReference; fileEncoding = 4; lastKnownFileType = sourcecode.c.objc; name = ProductModel.m; path = "Product Grid/Model/ProductModel.m"; sourceTree = "<group>"; };
		E05F349E1D4BC0C100820BBF /* ProductPageViewController.h */ = {isa = PBXFileReference; fileEncoding = 4; lastKnownFileType = sourcecode.c.h; name = ProductPageViewController.h; path = "Product Page/ProductPageViewController.h"; sourceTree = "<group>"; };
		E05F349F1D4BC0C100820BBF /* ProductPageViewController.m */ = {isa = PBXFileReference; fileEncoding = 4; lastKnownFileType = sourcecode.c.objc; name = ProductPageViewController.m; path = "Product Page/ProductPageViewController.m"; sourceTree = "<group>"; };
		E05F34A01D4BC0C100820BBF /* ProductPageViewController.xib */ = {isa = PBXFileReference; fileEncoding = 4; lastKnownFileType = file.xib; name = ProductPageViewController.xib; path = "Product Page/ProductPageViewController.xib"; sourceTree = "<group>"; };
		E05F34A31D4BC58300820BBF /* ProductPageViewController-Landscape.xib */ = {isa = PBXFileReference; fileEncoding = 4; lastKnownFileType = file.xib; name = "ProductPageViewController-Landscape.xib"; path = "Product Page/ProductPageViewController-Landscape.xib"; sourceTree = "<group>"; };
/* End PBXFileReference section */

/* Begin PBXFrameworksBuildPhase section */
		E05F34611D4B5A1100820BBF /* Frameworks */ = {
			isa = PBXFrameworksBuildPhase;
			buildActionMask = 2147483647;
			files = (
				E05F34811D4B5F5800820BBF /* JSONModel.framework in Frameworks */,
				E05F347F1D4B5F4B00820BBF /* AFNetworking.framework in Frameworks */,
			);
			runOnlyForDeploymentPostprocessing = 0;
		};
/* End PBXFrameworksBuildPhase section */

/* Begin PBXGroup section */
		E05F345B1D4B5A1100820BBF = {
			isa = PBXGroup;
			children = (
				E05F34831D4B5FB400820BBF /* Third Party Frameworks */,
				E05F34661D4B5A1100820BBF /* johnLewis */,
				E05F34651D4B5A1100820BBF /* Products */,
			);
			sourceTree = "<group>";
		};
		E05F34651D4B5A1100820BBF /* Products */ = {
			isa = PBXGroup;
			children = (
				E05F34641D4B5A1100820BBF /* johnLewis.app */,
			);
			name = Products;
			sourceTree = "<group>";
		};
		E05F34661D4B5A1100820BBF /* johnLewis */ = {
			isa = PBXGroup;
			children = (
				E05F34951D4BA29C00820BBF /* Comms */,
				E05F34841D4B609800820BBF /* Product Grid */,
				E05F349D1D4BBFCC00820BBF /* Product Page */,
				E05F346A1D4B5A1100820BBF /* AppDelegate.h */,
				E05F346B1D4B5A1100820BBF /* AppDelegate.m */,
				E05F34731D4B5A1100820BBF /* Assets.xcassets */,
				E05F34751D4B5A1100820BBF /* LaunchScreen.storyboard */,
				E05F34781D4B5A1100820BBF /* Info.plist */,
				E05F34671D4B5A1100820BBF /* Supporting Files */,
			);
			path = johnLewis;
			sourceTree = "<group>";
		};
		E05F34671D4B5A1100820BBF /* Supporting Files */ = {
			isa = PBXGroup;
			children = (
				E05F34681D4B5A1100820BBF /* main.m */,
			);
			name = "Supporting Files";
			sourceTree = "<group>";
		};
		E05F34831D4B5FB400820BBF /* Third Party Frameworks */ = {
			isa = PBXGroup;
			children = (
				E05F34801D4B5F5800820BBF /* JSONModel.framework */,
				E05F347E1D4B5F4B00820BBF /* AFNetworking.framework */,
			);
			name = "Third Party Frameworks";
			sourceTree = "<group>";
		};
		E05F34841D4B609800820BBF /* Product Grid */ = {
			isa = PBXGroup;
			children = (
				E05F34991D4BA7E200820BBF /* Model */,
				E05F348B1D4B678900820BBF /* Grid Cell */,
				E05F34851D4B60E100820BBF /* ProductGridViewController.h */,
				E05F34861D4B60E100820BBF /* ProductGridViewController.m */,
				E05F34871D4B60E100820BBF /* ProductGridViewController.xib */,
			);
			name = "Product Grid";
			sourceTree = "<group>";
		};
		E05F348B1D4B678900820BBF /* Grid Cell */ = {
			isa = PBXGroup;
			children = (
				E05F348F1D4B698700820BBF /* Grid Cell View */,
				E05F348C1D4B684E00820BBF /* ProductGridTableViewCell.h */,
				E05F348D1D4B684E00820BBF /* ProductGridTableViewCell.m */,
			);
			name = "Grid Cell";
			sourceTree = "<group>";
		};
		E05F348F1D4B698700820BBF /* Grid Cell View */ = {
			isa = PBXGroup;
			children = (
				E05F34901D4B6A7000820BBF /* GridCellViewController.h */,
				E05F34911D4B6A7000820BBF /* GridCellViewController.m */,
				E05F34921D4B6A7000820BBF /* GridCellViewController.xib */,
			);
			name = "Grid Cell View";
			sourceTree = "<group>";
		};
		E05F34951D4BA29C00820BBF /* Comms */ = {
			isa = PBXGroup;
			children = (
				E05F34961D4BA2BF00820BBF /* CommsHandler.h */,
				E05F34971D4BA2BF00820BBF /* CommsHandler.m */,
			);
			name = Comms;
			sourceTree = "<group>";
		};
		E05F34991D4BA7E200820BBF /* Model */ = {
			isa = PBXGroup;
			children = (
				E05F349A1D4BA82B00820BBF /* ProductModel.h */,
				E05F349B1D4BA82B00820BBF /* ProductModel.m */,
			);
			name = Model;
			sourceTree = "<group>";
		};
		E05F349D1D4BBFCC00820BBF /* Product Page */ = {
			isa = PBXGroup;
			children = (
				E05F349E1D4BC0C100820BBF /* ProductPageViewController.h */,
				E05F349F1D4BC0C100820BBF /* ProductPageViewController.m */,
				E05F34A01D4BC0C100820BBF /* ProductPageViewController.xib */,
				E05F34A31D4BC58300820BBF /* ProductPageViewController-Landscape.xib */,
			);
			name = "Product Page";
			sourceTree = "<group>";
		};
/* End PBXGroup section */

/* Begin PBXNativeTarget section */
		E05F34631D4B5A1100820BBF /* johnLewis */ = {
			isa = PBXNativeTarget;
			buildConfigurationList = E05F347B1D4B5A1100820BBF /* Build configuration list for PBXNativeTarget "johnLewis" */;
			buildPhases = (
				E05F34601D4B5A1100820BBF /* Sources */,
				E05F34611D4B5A1100820BBF /* Frameworks */,
				E05F34621D4B5A1100820BBF /* Resources */,
				E05F34821D4B5F5E00820BBF /* ShellScript */,
			);
			buildRules = (
			);
			dependencies = (
			);
			name = johnLewis;
			productName = johnLewis;
			productReference = E05F34641D4B5A1100820BBF /* johnLewis.app */;
			productType = "com.apple.product-type.application";
		};
/* End PBXNativeTarget section */

/* Begin PBXProject section */
		E05F345C1D4B5A1100820BBF /* Project object */ = {
			isa = PBXProject;
			attributes = {
				LastUpgradeCheck = 0730;
				ORGANIZATIONNAME = 8bitDog;
				TargetAttributes = {
					E05F34631D4B5A1100820BBF = {
						CreatedOnToolsVersion = 7.3.1;
					};
				};
			};
			buildConfigurationList = E05F345F1D4B5A1100820BBF /* Build configuration list for PBXProject "johnLewis" */;
			compatibilityVersion = "Xcode 3.2";
			developmentRegion = English;
			hasScannedForEncodings = 0;
			knownRegions = (
				en,
				Base,
			);
			mainGroup = E05F345B1D4B5A1100820BBF;
			productRefGroup = E05F34651D4B5A1100820BBF /* Products */;
			projectDirPath = "";
			projectRoot = "";
			targets = (
				E05F34631D4B5A1100820BBF /* johnLewis */,
			);
		};
/* End PBXProject section */

/* Begin PBXResourcesBuildPhase section */
		E05F34621D4B5A1100820BBF /* Resources */ = {
			isa = PBXResourcesBuildPhase;
			buildActionMask = 2147483647;
			files = (
				E05F34941D4B6A7000820BBF /* GridCellViewController.xib in Resources */,
				E05F34A21D4BC0C100820BBF /* ProductPageViewController.xib in Resources */,
				E05F34771D4B5A1100820BBF /* LaunchScreen.storyboard in Resources */,
				E05F34741D4B5A1100820BBF /* Assets.xcassets in Resources */,
				E05F34891D4B60E100820BBF /* ProductGridViewController.xib in Resources */,
				E05F34A41D4BC58300820BBF /* ProductPageViewController-Landscape.xib in Resources */,
			);
			runOnlyForDeploymentPostprocessing = 0;
		};
/* End PBXResourcesBuildPhase section */

/* Begin PBXShellScriptBuildPhase section */
		E05F34821D4B5F5E00820BBF /* ShellScript */ = {
			isa = PBXShellScriptBuildPhase;
			buildActionMask = 2147483647;
			files = (
			);
			inputPaths = (
				"$(SRCROOT)/Carthage/Build/iOS/JSONModel.framework",
				"$(SRCROOT)/Carthage/Build/iOS/AFNetworking.framework",
			);
			outputPaths = (
			);
			runOnlyForDeploymentPostprocessing = 0;
			shellPath = /bin/sh;
			shellScript = "/usr/local/bin/carthage copy-frameworks";
		};
/* End PBXShellScriptBuildPhase section */

/* Begin PBXSourcesBuildPhase section */
		E05F34601D4B5A1100820BBF /* Sources */ = {
			isa = PBXSourcesBuildPhase;
			buildActionMask = 2147483647;
			files = (
				E05F34881D4B60E100820BBF /* ProductGridViewController.m in Sources */,
				E05F346C1D4B5A1100820BBF /* AppDelegate.m in Sources */,
				E05F34691D4B5A1100820BBF /* main.m in Sources */,
				E05F34A11D4BC0C100820BBF /* ProductPageViewController.m in Sources */,
				E05F348E1D4B684E00820BBF /* ProductGridTableViewCell.m in Sources */,
				E05F34981D4BA2BF00820BBF /* CommsHandler.m in Sources */,
				E05F34931D4B6A7000820BBF /* GridCellViewController.m in Sources */,
				E05F349C1D4BA82B00820BBF /* ProductModel.m in Sources */,
			);
			runOnlyForDeploymentPostprocessing = 0;
		};
/* End PBXSourcesBuildPhase section */

/* Begin PBXVariantGroup section */
		E05F34751D4B5A1100820BBF /* LaunchScreen.storyboard */ = {
			isa = PBXVariantGroup;
			children = (
				E05F34761D4B5A1100820BBF /* Base */,
			);
			name = LaunchScreen.storyboard;
			sourceTree = "<group>";
		};
/* End PBXVariantGroup section */

/* Begin XCBuildConfiguration section */
		E05F34791D4B5A1100820BBF /* Debug */ = {
			isa = XCBuildConfiguration;
			buildSettings = {
				ALWAYS_SEARCH_USER_PATHS = NO;
				CLANG_ANALYZER_NONNULL = YES;
				CLANG_CXX_LANGUAGE_STANDARD = "gnu++0x";
				CLANG_CXX_LIBRARY = "libc++";
				CLANG_ENABLE_MODULES = YES;
				CLANG_ENABLE_OBJC_ARC = YES;
				CLANG_WARN_BOOL_CONVERSION = YES;
				CLANG_WARN_CONSTANT_CONVERSION = YES;
				CLANG_WARN_DIRECT_OBJC_ISA_USAGE = YES_ERROR;
				CLANG_WARN_EMPTY_BODY = YES;
				CLANG_WARN_ENUM_CONVERSION = YES;
				CLANG_WARN_INT_CONVERSION = YES;
				CLANG_WARN_OBJC_ROOT_CLASS = YES_ERROR;
				CLANG_WARN_UNREACHABLE_CODE = YES;
				CLANG_WARN__DUPLICATE_METHOD_MATCH = YES;
				"CODE_SIGN_IDENTITY[sdk=iphoneos*]" = "iPhone Developer";
				COPY_PHASE_STRIP = NO;
				DEBUG_INFORMATION_FORMAT = dwarf;
				ENABLE_STRICT_OBJC_MSGSEND = YES;
				ENABLE_TESTABILITY = YES;
				GCC_C_LANGUAGE_STANDARD = gnu99;
				GCC_DYNAMIC_NO_PIC = NO;
				GCC_NO_COMMON_BLOCKS = YES;
				GCC_OPTIMIZATION_LEVEL = 0;
				GCC_PREPROCESSOR_DEFINITIONS = (
					"DEBUG=1",
					"$(inherited)",
				);
				GCC_WARN_64_TO_32_BIT_CONVERSION = YES;
				GCC_WARN_ABOUT_RETURN_TYPE = YES_ERROR;
				GCC_WARN_UNDECLARED_SELECTOR = YES;
				GCC_WARN_UNINITIALIZED_AUTOS = YES_AGGRESSIVE;
				GCC_WARN_UNUSED_FUNCTION = YES;
				GCC_WARN_UNUSED_VARIABLE = YES;
				IPHONEOS_DEPLOYMENT_TARGET = 9.3;
				MTL_ENABLE_DEBUG_INFO = YES;
				ONLY_ACTIVE_ARCH = YES;
				SDKROOT = iphoneos;
				TARGETED_DEVICE_FAMILY = "1,2";
			};
			name = Debug;
		};
		E05F347A1D4B5A1100820BBF /* Release */ = {
			isa = XCBuildConfiguration;
			buildSettings = {
				ALWAYS_SEARCH_USER_PATHS = NO;
				CLANG_ANALYZER_NONNULL = YES;
				CLANG_CXX_LANGUAGE_STANDARD = "gnu++0x";
				CLANG_CXX_LIBRARY = "libc++";
				CLANG_ENABLE_MODULES = YES;
				CLANG_ENABLE_OBJC_ARC = YES;
				CLANG_WARN_BOOL_CONVERSION = YES;
				CLANG_WARN_CONSTANT_CONVERSION = YES;
				CLANG_WARN_DIRECT_OBJC_ISA_USAGE = YES_ERROR;
				CLANG_WARN_EMPTY_BODY = YES;
				CLANG_WARN_ENUM_CONVERSION = YES;
				CLANG_WARN_INT_CONVERSION = YES;
				CLANG_WARN_OBJC_ROOT_CLASS = YES_ERROR;
				CLANG_WARN_UNREACHABLE_CODE = YES;
				CLANG_WARN__DUPLICATE_METHOD_MATCH = YES;
				"CODE_SIGN_IDENTITY[sdk=iphoneos*]" = "iPhone Developer";
				COPY_PHASE_STRIP = NO;
				DEBUG_INFORMATION_FORMAT = "dwarf-with-dsym";
				ENABLE_NS_ASSERTIONS = NO;
				ENABLE_STRICT_OBJC_MSGSEND = YES;
				GCC_C_LANGUAGE_STANDARD = gnu99;
				GCC_NO_COMMON_BLOCKS = YES;
				GCC_WARN_64_TO_32_BIT_CONVERSION = YES;
				GCC_WARN_ABOUT_RETURN_TYPE = YES_ERROR;
				GCC_WARN_UNDECLARED_SELECTOR = YES;
				GCC_WARN_UNINITIALIZED_AUTOS = YES_AGGRESSIVE;
				GCC_WARN_UNUSED_FUNCTION = YES;
				GCC_WARN_UNUSED_VARIABLE = YES;
				IPHONEOS_DEPLOYMENT_TARGET = 9.3;
				MTL_ENABLE_DEBUG_INFO = NO;
				SDKROOT = iphoneos;
				TARGETED_DEVICE_FAMILY = "1,2";
				VALIDATE_PRODUCT = YES;
			};
			name = Release;
		};
		E05F347C1D4B5A1100820BBF /* Debug */ = {
			isa = XCBuildConfiguration;
			buildSettings = {
				ASSETCATALOG_COMPILER_APPICON_NAME = AppIcon;
				FRAMEWORK_SEARCH_PATHS = (
					"$(inherited)",
					"$(PROJECT_DIR)/Carthage/Build/iOS",
				);
				INFOPLIST_FILE = johnLewis/Info.plist;
				LD_RUNPATH_SEARCH_PATHS = "$(inherited) @executable_path/Frameworks";
				PRODUCT_BUNDLE_IDENTIFIER = com.8bitDog.johnLewis;
				PRODUCT_NAME = "$(TARGET_NAME)";
			};
			name = Debug;
		};
		E05F347D1D4B5A1100820BBF /* Release */ = {
			isa = XCBuildConfiguration;
			buildSettings = {
				ASSETCATALOG_COMPILER_APPICON_NAME = AppIcon;
				FRAMEWORK_SEARCH_PATHS = (
					"$(inherited)",
					"$(PROJECT_DIR)/Carthage/Build/iOS",
				);
				INFOPLIST_FILE = johnLewis/Info.plist;
				LD_RUNPATH_SEARCH_PATHS = "$(inherited) @executable_path/Frameworks";
				PRODUCT_BUNDLE_IDENTIFIER = com.8bitDog.johnLewis;
				PRODUCT_NAME = "$(TARGET_NAME)";
			};
			name = Release;
		};
/* End XCBuildConfiguration section */

/* Begin XCConfigurationList section */
		E05F345F1D4B5A1100820BBF /* Build configuration list for PBXProject "johnLewis" */ = {
			isa = XCConfigurationList;
			buildConfigurations = (
				E05F34791D4B5A1100820BBF /* Debug */,
				E05F347A1D4B5A1100820BBF /* Release */,
			);
			defaultConfigurationIsVisible = 0;
			defaultConfigurationName = Release;
		};
		E05F347B1D4B5A1100820BBF /* Build configuration list for PBXNativeTarget "johnLewis" */ = {
			isa = XCConfigurationList;
			buildConfigurations = (
				E05F347C1D4B5A1100820BBF /* Debug */,
				E05F347D1D4B5A1100820BBF /* Release */,
			);
			defaultConfigurationIsVisible = 0;
		};
/* End XCConfigurationList section */
	};
	rootObject = E05F345C1D4B5A1100820BBF /* Project object */;
}
